{
  "originHash" : "d5e84f15ccbc3d9904d058bea54ab852d16acc9d01c87f6b4900bba6f4739c93",
  "pins" : [
    {
      "identity" : "ffmpegkitspm",
      "kind" : "remoteSourceControl",
      "location" : "https://github.com/ailu2533/FFmpegKitSPM.git",
      "state" : {
        "branch" : "main",
        "revision" : "a8e004d751dd32971bfdbd728e377d6fd8fd5183"
      }
    }
  ],
  "version" : 3
}
